
Microsoft Visual Studio Solution File, Format Version 12.00
# Visual Studio Version 17
VisualStudioVersion = 17.8.34525.116
MinimumVisualStudioVersion = 10.0.40219.1
Project("{9A19103F-16F7-4668-BE54-9A1E7A4F7556}") = "SocialMedia.API", "SocialMedia.API\SocialMedia.API.csproj", "{E4AC7763-272E-4B7B-AC82-FDFDD151E10B}"
EndProject
Project("{9A19103F-16F7-4668-BE54-9A1E7A4F7556}") = "SocialMedia.Core", "SocialMedia.Core\SocialMedia.Core.csproj", "{6B6CDD80-C2F1-4EC0-B9F0-217D2BBD2C59}"
EndProject
Project("{9A19103F-16F7-4668-BE54-9A1E7A4F7556}") = "SocialMedia.Application", "SocialMedia.Application\SocialMedia.Application.csproj", "{5C9FA8FB-66C1-4517-86D7-BE98CA6FBEEF}"
EndProject
Project("{9A19103F-16F7-4668-BE54-9A1E7A4F7556}") = "SocialMedia.Infrastructure", "SocialMedia.Infrastructure\SocialMedia.Infrastructure.csproj", "{4E791B1A-5E61-4FC5-8A2B-3F71201A85E1}"
EndProject
Project("{FAE04EC0-301F-11D3-BF4B-00C04F79EFBC}") = "SocialMedia.Tests", "SocialMedia.Tests\SocialMedia.Tests.csproj", "{D37C7FD9-E993-49F0-8EEF-A6DB39C3ACB3}"
EndProject
Global
	GlobalSection(SolutionConfigurationPlatforms) = preSolution
		Debug|Any CPU = Debug|Any CPU
		Release|Any CPU = Release|Any CPU
	EndGlobalSection
	GlobalSection(ProjectConfigurationPlatforms) = postSolution
		{E4AC7763-272E-4B7B-AC82-FDFDD151E10B}.Debug|Any CPU.ActiveCfg = Debug|Any CPU
		{E4AC7763-272E-4B7B-AC82-FDFDD151E10B}.Debug|Any CPU.Build.0 = Debug|Any CPU
		{E4AC7763-272E-4B7B-AC82-FDFDD151E10B}.Release|Any CPU.ActiveCfg = Release|Any CPU
		{E4AC7763-272E-4B7B-AC82-FDFDD151E10B}.Release|Any CPU.Build.0 = Release|Any CPU
		{6B6CDD80-C2F1-4EC0-B9F0-217D2BBD2C59}.Debug|Any CPU.ActiveCfg = Debug|Any CPU
		{6B6CDD80-C2F1-4EC0-B9F0-217D2BBD2C59}.Debug|Any CPU.Build.0 = Debug|Any CPU
		{6B6CDD80-C2F1-4EC0-B9F0-217D2BBD2C59}.Release|Any CPU.ActiveCfg = Release|Any CPU
		{6B6CDD80-C2F1-4EC0-B9F0-217D2BBD2C59}.Release|Any CPU.Build.0 = Release|Any CPU
		{5C9FA8FB-66C1-4517-86D7-BE98CA6FBEEF}.Debug|Any CPU.ActiveCfg = Debug|Any CPU
		{5C9FA8FB-66C1-4517-86D7-BE98CA6FBEEF}.Debug|Any CPU.Build.0 = Debug|Any CPU
		{5C9FA8FB-66C1-4517-86D7-BE98CA6FBEEF}.Release|Any CPU.ActiveCfg = Release|Any CPU
		{5C9FA8FB-66C1-4517-86D7-BE98CA6FBEEF}.Release|Any CPU.Build.0 = Release|Any CPU
		{4E791B1A-5E61-4FC5-8A2B-3F71201A85E1}.Debug|Any CPU.ActiveCfg = Debug|Any CPU
		{4E791B1A-5E61-4FC5-8A2B-3F71201A85E1}.Debug|Any CPU.Build.0 = Debug|Any CPU
		{4E791B1A-5E61-4FC5-8A2B-3F71201A85E1}.Release|Any CPU.ActiveCfg = Release|Any CPU
		{4E791B1A-5E61-4FC5-8A2B-3F71201A85E1}.Release|Any CPU.Build.0 = Release|Any CPU
		{D37C7FD9-E993-49F0-8EEF-A6DB39C3ACB3}.Debug|Any CPU.ActiveCfg = Debug|Any CPU
		{D37C7FD9-E993-49F0-8EEF-A6DB39C3ACB3}.Debug|Any CPU.Build.0 = Debug|Any CPU
		{D37C7FD9-E993-49F0-8EEF-A6DB39C3ACB3}.Release|Any CPU.ActiveCfg = Release|Any CPU
		{D37C7FD9-E993-49F0-8EEF-A6DB39C3ACB3}.Release|Any CPU.Build.0 = Release|Any CPU
	EndGlobalSection
	GlobalSection(SolutionProperties) = preSolution
		HideSolutionNode = FALSE
	EndGlobalSection
	GlobalSection(ExtensibilityGlobals) = postSolution
		SolutionGuid = {F8AA1DB8-9A0F-4F51-BE9A-8E2D06DE24A0}
	EndGlobalSection
EndGlobal
